{
  "version": 4,
  "terraform_version": "1.3.3",
  "serial": 24,
  "lineage": "5e1598cc-d483-7b4e-4bea-2cdeed707377",
  "outputs": {
    "jenkins_ip": {
      "value": "143.198.113.250",
      "type": "string"
    }
  },
  "resources": [
    {
      "mode": "data",
      "type": "digitalocean_ssh_key",
      "name": "ssh_key",
      "provider": "provider[\"registry.terraform.io/digitalocean/digitalocean\"]",
      "instances": [
        {
          "schema_version": 0,
          "attributes": {
            "fingerprint": "18:aa:96:e8:6e:09:0e:ab:a1:4e:8d:5a:8d:36:f7:57",
            "id": 36596613,
            "name": "MyCredential",
            "public_key": "ssh-rsa AAAAB3NzaC1yc2EAAAADAQABAAABAQDA4o5oec4HLzg0SMiROdBofx5fe0FSGMVs2TM3i2P843BmBNVdh5ISshSwGlLUsYDXa2WyTzpXrDFn8vjhndN4Hac3cJ+xwjyX6B1Y2VTjD91FDFZw0GF9c0R0PVqnRV/pKSrQRhAuJpd7RM5+Tqptk0bTTMks05k5qtktZtztnkSvSFjPGWV6iuTWuQg7azcx0DCaqV0z7ka7tdPICEurDGFY3ik7TSIR5LEZon/OXrNIDh8Mt/Hwx4Xy+cCSS4xgtoT1beERX5C71P+M9f/ghrMwqtQtfKx38EsFYOKFpTUwUsJqwN7ODsI2F1cl4Qqi5TAy9Tz8vWxztUBnhJuh alipioestima@MBP-de-Alipio.lan"
          },
          "sensitive_attributes": []
        }
      ]
    },
    {
      "mode": "managed",
      "type": "digitalocean_droplet",
      "name": "jenkins",
      "provider": "provider[\"registry.terraform.io/digitalocean/digitalocean\"]",
      "instances": [
        {
          "schema_version": 1,
          "attributes": {
            "backups": false,
            "created_at": "2022-10-28T22:19:22Z",
            "disk": 60,
            "droplet_agent": null,
            "graceful_shutdown": false,
            "id": "323431549",
            "image": "ubuntu-22-04-x64",
            "ipv4_address": "143.198.113.250",
            "ipv4_address_private": "10.116.0.2",
            "ipv6": false,
            "ipv6_address": "",
            "locked": false,
            "memory": 2048,
            "monitoring": false,
            "name": "Jenkins",
            "price_hourly": 0.02679,
            "price_monthly": 18,
            "private_networking": true,
            "region": "nyc1",
            "resize_disk": true,
            "size": "s-2vcpu-2gb",
            "ssh_keys": [
              "36596613"
            ],
            "status": "active",
            "tags": [],
            "timeouts": null,
            "urn": "do:droplet:323431549",
            "user_data": null,
            "vcpus": 2,
            "volume_ids": [],
            "vpc_uuid": "4286d1fd-eb7b-4e0f-b5b6-6a58bd5ddccb"
          },
          "sensitive_attributes": [],
          "private": "eyJlMmJmYjczMC1lY2FhLTExZTYtOGY4OC0zNDM2M2JjN2M0YzAiOnsiY3JlYXRlIjozNjAwMDAwMDAwMDAwLCJkZWxldGUiOjYwMDAwMDAwMDAwLCJ1cGRhdGUiOjM2MDAwMDAwMDAwMDB9LCJzY2hlbWFfdmVyc2lvbiI6IjEifQ==",
          "dependencies": [
            "data.digitalocean_ssh_key.ssh_key"
          ]
        }
      ]
    },
    {
      "mode": "managed",
      "type": "digitalocean_kubernetes_cluster",
      "name": "k8s",
      "provider": "provider[\"registry.terraform.io/digitalocean/digitalocean\"]",
      "instances": [
        {
          "schema_version": 3,
          "attributes": {
            "auto_upgrade": false,
            "cluster_subnet": "10.244.0.0/16",
            "created_at": "2022-10-28 22:19:01 +0000 UTC",
            "endpoint": "https://d6d1f6f5-73c5-4105-9624-b39d2d89746a.k8s.ondigitalocean.com",
            "ha": false,
            "id": "d6d1f6f5-73c5-4105-9624-b39d2d89746a",
            "ipv4_address": "",
            "kube_config": [
              {
                "client_certificate": "",
                "client_key": "",
                "cluster_ca_certificate": "LS0tLS1CRUdJTiBDRVJUSUZJQ0FURS0tLS0tCk1JSURKekNDQWcrZ0F3SUJBZ0lDQm5Vd0RRWUpLb1pJaHZjTkFRRUxCUUF3TXpFVk1CTUdBMVVFQ2hNTVJHbG4KYVhSaGJFOWpaV0Z1TVJvd0dBWURWUVFERXhGck9ITmhZWE1nUTJ4MWMzUmxjaUJEUVRBZUZ3MHlNakV3TWpneQpNakU1TVRCYUZ3MDBNakV3TWpneU1qRTVNVEJhTURNeEZUQVRCZ05WQkFvVERFUnBaMmwwWVd4UFkyVmhiakVhCk1CZ0dBMVVFQXhNUmF6aHpZV0Z6SUVOc2RYTjBaWElnUTBFd2dnRWlNQTBHQ1NxR1NJYjNEUUVCQVFVQUE0SUIKRHdBd2dnRUtBb0lCQVFESzBNczR4VDZrekY4S00wcU0xVy80RXNqWEtmR3hYeVR4eWk2N3JLcWhCZGV3c0F0NApiNDFYRVREVzlXNHNuT2R6QzlISzZqdGMzalh1RGVFZFJ1d0NXZ1pZNndMOGl5NDBBUUFmSXppLzBwM1AySTFjCldvekFVdlpBWjFZcEh5M253cXBHYVoxaXFoUjI0TzJSWUNzby85VmFjZGNMRGl5WTJHb3VZVUdEWGNlM1dKT1gKK0NGdEVCTEFGY1lMNitSbEVUc2YxdEN2YmpMdzRnaHczM05zUFM5RnVTSmxlVzB1ckMwbHh5VmJsem9xSEQ5NgpIVkRISHluc1JuUm0wL3pKclBHUE5mYzN1VXpsVk9MalRuTy9qU0lKSEROeW9KMzErQkU2K2h1V3ZhY3RjS0l4CnFBT2QyYVVzeTV0dEg0eVVzMEZCV1EwdmRWbzdyWWRWS2dUVEFnTUJBQUdqUlRCRE1BNEdBMVVkRHdFQi93UUUKQXdJQmhqQVNCZ05WSFJNQkFmOEVDREFHQVFIL0FnRUFNQjBHQTFVZERnUVdCQlJxY2JMa0NQOWp4MzdZY29uNgplZ0EyOXhXQm56QU5CZ2txaGtpRzl3MEJBUXNGQUFPQ0FRRUFnOFU4Q0w4Tk5ZeWFMSGdaS2ZpcHBWQkRROTYzCkk0Ymh4UmVUSUloRzBCSFJzaG1BZ3pqTGtyaUpjSEYrZ1ZlSFhSbDVtbFhTTXNpYUVObWdsYVhpeHVITHBMMFEKNllBWEFacnZ1NDJab1lVbWVPbzJURUxOK0V2eGxzeTdPdVhFU2JXUHUwQzVKWkFoSzczWWdwUDZNaHlMMTB1NgpiaDgyOWFxSTR1enNrQkdKUG5YdEhQbk1HazllT3EzcWtQS3Y0bzY1aTZXSEx6dGlZRWZ2cHR5QXRtS2F3d3E5CmNtTFl1K2NVZ1FLTXBmbng2MjhRK1dYcFZ6bFpzclg5YmtyWGozYlloTjYzK0RPYTEwYkFvbU8rbGN2WFpMbXkKeXZjWnUyMktvVVQ0dS9QVm13N2FaRGlBWGVGVlM1dnhiaFJFZVdtWjkzdFBCMDM1T1ltQ2dDR2VUQT09Ci0tLS0tRU5EIENFUlRJRklDQVRFLS0tLS0K",
                "expires_at": "2022-11-04T22:24:43Z",
                "host": "https://d6d1f6f5-73c5-4105-9624-b39d2d89746a.k8s.ondigitalocean.com",
                "raw_config": "apiVersion: v1\nkind: Config\nclusters:\n- cluster:\n    certificate-authority-data: LS0tLS1CRUdJTiBDRVJUSUZJQ0FURS0tLS0tCk1JSURKekNDQWcrZ0F3SUJBZ0lDQm5Vd0RRWUpLb1pJaHZjTkFRRUxCUUF3TXpFVk1CTUdBMVVFQ2hNTVJHbG4KYVhSaGJFOWpaV0Z1TVJvd0dBWURWUVFERXhGck9ITmhZWE1nUTJ4MWMzUmxjaUJEUVRBZUZ3MHlNakV3TWpneQpNakU1TVRCYUZ3MDBNakV3TWpneU1qRTVNVEJhTURNeEZUQVRCZ05WQkFvVERFUnBaMmwwWVd4UFkyVmhiakVhCk1CZ0dBMVVFQXhNUmF6aHpZV0Z6SUVOc2RYTjBaWElnUTBFd2dnRWlNQTBHQ1NxR1NJYjNEUUVCQVFVQUE0SUIKRHdBd2dnRUtBb0lCQVFESzBNczR4VDZrekY4S00wcU0xVy80RXNqWEtmR3hYeVR4eWk2N3JLcWhCZGV3c0F0NApiNDFYRVREVzlXNHNuT2R6QzlISzZqdGMzalh1RGVFZFJ1d0NXZ1pZNndMOGl5NDBBUUFmSXppLzBwM1AySTFjCldvekFVdlpBWjFZcEh5M253cXBHYVoxaXFoUjI0TzJSWUNzby85VmFjZGNMRGl5WTJHb3VZVUdEWGNlM1dKT1gKK0NGdEVCTEFGY1lMNitSbEVUc2YxdEN2YmpMdzRnaHczM05zUFM5RnVTSmxlVzB1ckMwbHh5VmJsem9xSEQ5NgpIVkRISHluc1JuUm0wL3pKclBHUE5mYzN1VXpsVk9MalRuTy9qU0lKSEROeW9KMzErQkU2K2h1V3ZhY3RjS0l4CnFBT2QyYVVzeTV0dEg0eVVzMEZCV1EwdmRWbzdyWWRWS2dUVEFnTUJBQUdqUlRCRE1BNEdBMVVkRHdFQi93UUUKQXdJQmhqQVNCZ05WSFJNQkFmOEVDREFHQVFIL0FnRUFNQjBHQTFVZERnUVdCQlJxY2JMa0NQOWp4MzdZY29uNgplZ0EyOXhXQm56QU5CZ2txaGtpRzl3MEJBUXNGQUFPQ0FRRUFnOFU4Q0w4Tk5ZeWFMSGdaS2ZpcHBWQkRROTYzCkk0Ymh4UmVUSUloRzBCSFJzaG1BZ3pqTGtyaUpjSEYrZ1ZlSFhSbDVtbFhTTXNpYUVObWdsYVhpeHVITHBMMFEKNllBWEFacnZ1NDJab1lVbWVPbzJURUxOK0V2eGxzeTdPdVhFU2JXUHUwQzVKWkFoSzczWWdwUDZNaHlMMTB1NgpiaDgyOWFxSTR1enNrQkdKUG5YdEhQbk1HazllT3EzcWtQS3Y0bzY1aTZXSEx6dGlZRWZ2cHR5QXRtS2F3d3E5CmNtTFl1K2NVZ1FLTXBmbng2MjhRK1dYcFZ6bFpzclg5YmtyWGozYlloTjYzK0RPYTEwYkFvbU8rbGN2WFpMbXkKeXZjWnUyMktvVVQ0dS9QVm13N2FaRGlBWGVGVlM1dnhiaFJFZVdtWjkzdFBCMDM1T1ltQ2dDR2VUQT09Ci0tLS0tRU5EIENFUlRJRklDQVRFLS0tLS0K\n    server: https://d6d1f6f5-73c5-4105-9624-b39d2d89746a.k8s.ondigitalocean.com\n  name: do-nyc1-k8s\ncontexts:\n- context:\n    cluster: do-nyc1-k8s\n    user: do-nyc1-k8s-admin\n  name: do-nyc1-k8s\ncurrent-context: do-nyc1-k8s\nusers:\n- name: do-nyc1-k8s-admin\n  user:\n    token: dop_v1_57a20f3e9477d296a27907b6d08b58d50cac1ab7d3cdd3e2ce9dc504d6c8f8a4\n",
                "token": "dop_v1_57a20f3e9477d296a27907b6d08b58d50cac1ab7d3cdd3e2ce9dc504d6c8f8a4"
              }
            ],
            "maintenance_policy": [
              {
                "day": "any",
                "duration": "4h0m0s",
                "start_time": "13:00"
              }
            ],
            "name": "k8s",
            "node_pool": [
              {
                "actual_node_count": 3,
                "auto_scale": false,
                "id": "32d3ca42-65ca-4148-afee-975bdb3848d8",
                "labels": {},
                "max_nodes": 0,
                "min_nodes": 0,
                "name": "default",
                "node_count": 3,
                "nodes": [
                  {
                    "created_at": "2022-10-28 22:19:01 +0000 UTC",
                    "droplet_id": "323431642",
                    "id": "dcb58c41-1c90-4049-bcd0-84eeb41cb0f0",
                    "name": "default-71h7d",
                    "status": "running",
                    "updated_at": "2022-10-28 22:20:33 +0000 UTC"
                  },
                  {
                    "created_at": "2022-10-28 22:19:01 +0000 UTC",
                    "droplet_id": "323431641",
                    "id": "13c37790-8359-4347-ad5c-08b5b670b5ae",
                    "name": "default-71h70",
                    "status": "running",
                    "updated_at": "2022-10-28 22:20:33 +0000 UTC"
                  },
                  {
                    "created_at": "2022-10-28 22:19:01 +0000 UTC",
                    "droplet_id": "323431640",
                    "id": "81110137-942d-4e00-8f1f-660f117edad1",
                    "name": "default-71h71",
                    "status": "running",
                    "updated_at": "2022-10-28 22:20:33 +0000 UTC"
                  }
                ],
                "size": "s-2vcpu-2gb",
                "tags": [],
                "taint": []
              }
            ],
            "region": "nyc1",
            "service_subnet": "10.245.0.0/16",
            "status": "running",
            "surge_upgrade": true,
            "tags": [],
            "timeouts": null,
            "updated_at": "2022-10-28 22:24:32 +0000 UTC",
            "urn": "do:kubernetes:d6d1f6f5-73c5-4105-9624-b39d2d89746a",
            "version": "1.24.4-do.0",
            "vpc_uuid": "4286d1fd-eb7b-4e0f-b5b6-6a58bd5ddccb"
          },
          "sensitive_attributes": [],
          "private": "eyJlMmJmYjczMC1lY2FhLTExZTYtOGY4OC0zNDM2M2JjN2M0YzAiOnsiY3JlYXRlIjoxODAwMDAwMDAwMDAwfSwic2NoZW1hX3ZlcnNpb24iOiIzIn0="
        }
      ]
    }
  ],
  "check_results": []
}
